# This file is automatically @generated by Poetry 1.7.1 and should not be changed by hand.

[[package]]
name = "pip"
version = "24.0"
description = "The PyPA recommended tool for installing Python packages."
optional = false
python-versions = ">=3.7"
files = [
    {file = "pip-24.0-py3-none-any.whl", hash = "sha256:ba0d021a166865d2265246961bec0152ff124de910c5cc39f1156ce3fa7c69dc"},
    {file = "pip-24.0.tar.gz", hash = "sha256:ea9bd1a847e8c5774a5777bb398c19e80bcd4e2aa16a4b301b718fe6f593aba2"},
]

[[package]]
name = "pip-autoremove"
version = "0.10.0"
description = "Remove a package and its unused dependencies"
optional = false
python-versions = "*"
files = [
    {file = "pip-autoremove-0.10.0.tar.gz", hash = "sha256:1328c6f6ef54b1ea51dd4dd78199d7f8b27c2344e9517fbb4f89edf3bfbb32ba"},
    {file = "pip_autoremove-0.10.0-py2.py3-none-any.whl", hash = "sha256:093c7d9d73c66c191cbaac159bf32a0b2e7cdbc108f1935dacb5d5e09bee9eca"},
]

[package.dependencies]
pip = "*"
setuptools = "*"

[[package]]
name = "pipdeptree"
version = "2.14.0"
description = "Command line utility to show dependency tree of packages."
optional = false
python-versions = ">=3.8"
files = [
    {file = "pipdeptree-2.14.0-py3-none-any.whl", hash = "sha256:34666ca78f65414e1936492ebbabf3201460c85af5c31ab3b240ef5105f94f89"},
    {file = "pipdeptree-2.14.0.tar.gz", hash = "sha256:3296195250e00d37638f2cce70495e3345645b4bbecc1c38ac39339f1511d9b5"},
]

[package.extras]
graphviz = ["graphviz (>=0.20.1)"]
test = ["covdefaults (>=2.3)", "diff-cover (>=8.0.1)", "pip (>=23.3.1)", "pytest (>=7.4.3)", "pytest-cov (>=4.1)", "pytest-mock (>=3.12)", "virtualenv (>=20.25,<21)"]

[[package]]
name = "setuptools"
version = "69.1.0"
description = "Easily download, build, install, upgrade, and uninstall Python packages"
optional = false
python-versions = ">=3.8"
files = [
    {file = "setuptools-69.1.0-py3-none-any.whl", hash = "sha256:c054629b81b946d63a9c6e732bc8b2513a7c3ea645f11d0139a2191d735c60c6"},
    {file = "setuptools-69.1.0.tar.gz", hash = "sha256:850894c4195f09c4ed30dba56213bf7c3f21d86ed6bdaafb5df5972593bfc401"},
]

[package.extras]
docs = ["furo", "jaraco.packaging (>=9.3)", "jaraco.tidelift (>=1.4)", "pygments-github-lexers (==0.0.5)", "rst.linker (>=1.9)", "sphinx (<7.2.5)", "sphinx (>=3.5)", "sphinx-favicon", "sphinx-inline-tabs", "sphinx-lint", "sphinx-notfound-page (>=1,<2)", "sphinx-reredirects", "sphinxcontrib-towncrier"]
testing = ["build[virtualenv]", "filelock (>=3.4.0)", "flake8-2020", "ini2toml[lite] (>=0.9)", "jaraco.develop (>=7.21)", "jaraco.envs (>=2.2)", "jaraco.path (>=3.2.0)", "pip (>=19.1)", "pytest (>=6)", "pytest-checkdocs (>=2.4)", "pytest-cov", "pytest-enabler (>=2.2)", "pytest-home (>=0.5)", "pytest-mypy (>=0.9.1)", "pytest-perf", "pytest-ruff (>=0.2.1)", "pytest-timeout", "pytest-xdist", "tomli-w (>=1.0.0)", "virtualenv (>=13.0.0)", "wheel"]
testing-integration = ["build[virtualenv] (>=1.0.3)", "filelock (>=3.4.0)", "jaraco.envs (>=2.2)", "jaraco.path (>=3.2.0)", "packaging (>=23.1)", "pytest", "pytest-enabler", "pytest-xdist", "tomli", "virtualenv (>=13.0.0)", "wheel"]

[metadata]
lock-version = "2.0"
python-versions = "^3.11"
content-hash = "b0fcf7eae42b42bff9230f9772d83f8ea3f2a67662db45679d5facef3722f0b3"
